
Microsoft Visual Studio Solution File, Format Version 12.00
# Visual Studio Express 14 for Windows Desktop
VisualStudioVersion = 14.0.23107.0
MinimumVisualStudioVersion = 10.0.40219.1
Project("{FAE04EC0-301F-11D3-BF4B-00C04F79EFBC}") = "A3-1-1_Enum_Wochentag", "A3-1-1_Enum_Wochentag\A3-1-1_Enum_Wochentag.csproj", "{5A97624B-9CBF-4224-96D0-B530C6F8B883}"
EndProject
Project("{FAE04EC0-301F-11D3-BF4B-00C04F79EFBC}") = "A3-1-2_Enum_Monatsname", "A3-1-2_Enum_Monatsname\A3-1-2_Enum_Monatsname.csproj", "{688C304A-3B73-4F57-8708-44901F6B74ED}"
EndProject
Project("{FAE04EC0-301F-11D3-BF4B-00C04F79EFBC}") = "A3-1-1_Wiederholung_in_Schule", "A3-1-1_Wiederholung_in_Schule\A3-1-1_Wiederholung_in_Schule.csproj", "{3612279F-B3E1-4577-B1EA-FDE356CD7724}"
EndProject
Project("{FAE04EC0-301F-11D3-BF4B-00C04F79EFBC}") = "A3-1-2_Wiederholung_in_Schule", "A3-1-2_Wiederholung_in_Schule\A3-1-2_Wiederholung_in_Schule.csproj", "{44320BF7-0F50-41FF-8A21-B4141E613407}"
EndProject
Project("{FAE04EC0-301F-11D3-BF4B-00C04F79EFBC}") = "Uebung_Gesch_enum", "Uebung_Gesch_enum\Uebung_Gesch_enum.csproj", "{7B332869-34A7-471A-AEAA-C651DD540267}"
EndProject
Project("{FAE04EC0-301F-11D3-BF4B-00C04F79EFBC}") = "Uebung_Schule_Enum_Modulo_IncDec_Div_mit_int", "Uebung_Schule_Enum_Modulo_IncDec_Div_mit_int\Uebung_Schule_Enum_Modulo_IncDec_Div_mit_int.csproj", "{CC225783-826E-4C74-A6BB-003AF194444F}"
EndProject
Project("{FAE04EC0-301F-11D3-BF4B-00C04F79EFBC}") = "A3-1-6_Bitwise_operations_umstaendlich", "A3-1-6_Bitwise_operations\Bitwise_operations\A3-1-6_Bitwise_operations_umstaendlich.csproj", "{DDF3AF66-B44D-490E-B191-A067A8627980}"
EndProject
Project("{FAE04EC0-301F-11D3-BF4B-00C04F79EFBC}") = "A3-1-6_Wiederholung_Schule", "A3-1-6_Wiederholung_Schule\A3-1-6_Wiederholung_Schule.csproj", "{984E1CA9-1E9F-4CAE-B411-306233827BD4}"
EndProject
Global
	GlobalSection(SolutionConfigurationPlatforms) = preSolution
		Debug|Any CPU = Debug|Any CPU
		Release|Any CPU = Release|Any CPU
	EndGlobalSection
	GlobalSection(ProjectConfigurationPlatforms) = postSolution
		{5A97624B-9CBF-4224-96D0-B530C6F8B883}.Debug|Any CPU.ActiveCfg = Debug|Any CPU
		{5A97624B-9CBF-4224-96D0-B530C6F8B883}.Debug|Any CPU.Build.0 = Debug|Any CPU
		{5A97624B-9CBF-4224-96D0-B530C6F8B883}.Release|Any CPU.ActiveCfg = Release|Any CPU
		{5A97624B-9CBF-4224-96D0-B530C6F8B883}.Release|Any CPU.Build.0 = Release|Any CPU
		{688C304A-3B73-4F57-8708-44901F6B74ED}.Debug|Any CPU.ActiveCfg = Debug|Any CPU
		{688C304A-3B73-4F57-8708-44901F6B74ED}.Debug|Any CPU.Build.0 = Debug|Any CPU
		{688C304A-3B73-4F57-8708-44901F6B74ED}.Release|Any CPU.ActiveCfg = Release|Any CPU
		{688C304A-3B73-4F57-8708-44901F6B74ED}.Release|Any CPU.Build.0 = Release|Any CPU
		{3612279F-B3E1-4577-B1EA-FDE356CD7724}.Debug|Any CPU.ActiveCfg = Debug|Any CPU
		{3612279F-B3E1-4577-B1EA-FDE356CD7724}.Debug|Any CPU.Build.0 = Debug|Any CPU
		{3612279F-B3E1-4577-B1EA-FDE356CD7724}.Release|Any CPU.ActiveCfg = Release|Any CPU
		{3612279F-B3E1-4577-B1EA-FDE356CD7724}.Release|Any CPU.Build.0 = Release|Any CPU
		{44320BF7-0F50-41FF-8A21-B4141E613407}.Debug|Any CPU.ActiveCfg = Debug|Any CPU
		{44320BF7-0F50-41FF-8A21-B4141E613407}.Debug|Any CPU.Build.0 = Debug|Any CPU
		{44320BF7-0F50-41FF-8A21-B4141E613407}.Release|Any CPU.ActiveCfg = Release|Any CPU
		{44320BF7-0F50-41FF-8A21-B4141E613407}.Release|Any CPU.Build.0 = Release|Any CPU
		{7B332869-34A7-471A-AEAA-C651DD540267}.Debug|Any CPU.ActiveCfg = Debug|Any CPU
		{7B332869-34A7-471A-AEAA-C651DD540267}.Debug|Any CPU.Build.0 = Debug|Any CPU
		{7B332869-34A7-471A-AEAA-C651DD540267}.Release|Any CPU.ActiveCfg = Release|Any CPU
		{7B332869-34A7-471A-AEAA-C651DD540267}.Release|Any CPU.Build.0 = Release|Any CPU
		{CC225783-826E-4C74-A6BB-003AF194444F}.Debug|Any CPU.ActiveCfg = Debug|Any CPU
		{CC225783-826E-4C74-A6BB-003AF194444F}.Debug|Any CPU.Build.0 = Debug|Any CPU
		{CC225783-826E-4C74-A6BB-003AF194444F}.Release|Any CPU.ActiveCfg = Release|Any CPU
		{CC225783-826E-4C74-A6BB-003AF194444F}.Release|Any CPU.Build.0 = Release|Any CPU
		{DDF3AF66-B44D-490E-B191-A067A8627980}.Debug|Any CPU.ActiveCfg = Debug|Any CPU
		{DDF3AF66-B44D-490E-B191-A067A8627980}.Debug|Any CPU.Build.0 = Debug|Any CPU
		{DDF3AF66-B44D-490E-B191-A067A8627980}.Release|Any CPU.ActiveCfg = Release|Any CPU
		{DDF3AF66-B44D-490E-B191-A067A8627980}.Release|Any CPU.Build.0 = Release|Any CPU
		{984E1CA9-1E9F-4CAE-B411-306233827BD4}.Debug|Any CPU.ActiveCfg = Debug|Any CPU
		{984E1CA9-1E9F-4CAE-B411-306233827BD4}.Debug|Any CPU.Build.0 = Debug|Any CPU
		{984E1CA9-1E9F-4CAE-B411-306233827BD4}.Release|Any CPU.ActiveCfg = Release|Any CPU
		{984E1CA9-1E9F-4CAE-B411-306233827BD4}.Release|Any CPU.Build.0 = Release|Any CPU
	EndGlobalSection
	GlobalSection(SolutionProperties) = preSolution
		HideSolutionNode = FALSE
	EndGlobalSection
	GlobalSection(ExtensibilityGlobals) = postSolution
		SolutionGuid = {21C47275-EA6F-4E75-8E9A-B5A3683911A2}
	EndGlobalSection
EndGlobal
